// !$*UTF8*$!
{
	archiveVersion = 1;
	classes = {
	};
	objectVersion = 48;
	objects = {

/* Begin PBXBuildFile section */
		585C3AFB1F9F32D400FB3502 /* AppDelegate.m in Sources */ = {isa = PBXBuildFile; fileRef = 585C3AFA1F9F32D400FB3502 /* AppDelegate.m */; };
		585C3AFE1F9F32D400FB3502 /* ViewController.m in Sources */ = {isa = PBXBuildFile; fileRef = 585C3AFD1F9F32D400FB3502 /* ViewController.m */; };
		585C3B011F9F32D500FB3502 /* Main.storyboard in Resources */ = {isa = PBXBuildFile; fileRef = 585C3AFF1F9F32D500FB3502 /* Main.storyboard */; };
		585C3B031F9F32D500FB3502 /* Assets.xcassets in Resources */ = {isa = PBXBuildFile; fileRef = 585C3B021F9F32D500FB3502 /* Assets.xcassets */; };
		585C3B061F9F32D500FB3502 /* LaunchScreen.storyboard in Resources */ = {isa = PBXBuildFile; fileRef = 585C3B041F9F32D500FB3502 /* LaunchScreen.storyboard */; };
		585C3B091F9F32D500FB3502 /* main.m in Sources */ = {isa = PBXBuildFile; fileRef = 585C3B081F9F32D500FB3502 /* main.m */; };
		585C3B181F9F389C00FB3502 /* ByteStreams.java in Sources */ = {isa = PBXBuildFile; fileRef = 585C3B171F9F389C00FB3502 /* ByteStreams.java */; };
		585C3B221F9F47B800FB3502 /* Numeric.java in Sources */ = {isa = PBXBuildFile; fileRef = 585C3B211F9F47B800FB3502 /* Numeric.java */; };
/* End PBXBuildFile section */

/* Begin PBXBuildRule section */
		585C3B0F1F9F340F00FB3502 /* PBXBuildRule */ = {
			isa = PBXBuildRule;
			compilerSpec = com.apple.compilers.proxy.script;
			fileType = sourcecode.java;
			isEditable = 1;
			outputFiles = (
				"$(DERIVED_FILE_DIR)/${INPUT_FILE_BASE}.h",
				"$(DERIVED_FILE_DIR)/${INPUT_FILE_BASE}.m",
			);
			script = "/Users/hoolai/Desktop/j2objc-2.0.5/j2objc -d ${DERIVED_FILE_DIR} -sourcepath ${PROJECT_DIR}/java \\\n--no-package-directories ${INPUT_FILE_PATH};";
		};
/* End PBXBuildRule section */

/* Begin PBXFileReference section */
		585C3AF61F9F32D400FB3502 /* JavaToObjc.app */ = {isa = PBXFileReference; explicitFileType = wrapper.application; includeInIndex = 0; path = JavaToObjc.app; sourceTree = BUILT_PRODUCTS_DIR; };
		585C3AF91F9F32D400FB3502 /* AppDelegate.h */ = {isa = PBXFileReference; lastKnownFileType = sourcecode.c.h; path = AppDelegate.h; sourceTree = "<group>"; };
		585C3AFA1F9F32D400FB3502 /* AppDelegate.m */ = {isa = PBXFileReference; lastKnownFileType = sourcecode.c.objc; path = AppDelegate.m; sourceTree = "<group>"; };
		585C3AFC1F9F32D400FB3502 /* ViewController.h */ = {isa = PBXFileReference; lastKnownFileType = sourcecode.c.h; path = ViewController.h; sourceTree = "<group>"; };
		585C3AFD1F9F32D400FB3502 /* ViewController.m */ = {isa = PBXFileReference; lastKnownFileType = sourcecode.c.objc; path = ViewController.m; sourceTree = "<group>"; };
		585C3B001F9F32D500FB3502 /* Base */ = {isa = PBXFileReference; lastKnownFileType = file.storyboard; name = Base; path = Base.lproj/Main.storyboard; sourceTree = "<group>"; };
		585C3B021F9F32D500FB3502 /* Assets.xcassets */ = {isa = PBXFileReference; lastKnownFileType = folder.assetcatalog; path = Assets.xcassets; sourceTree = "<group>"; };
		585C3B051F9F32D500FB3502 /* Base */ = {isa = PBXFileReference; lastKnownFileType = file.storyboard; name = Base; path = Base.lproj/LaunchScreen.storyboard; sourceTree = "<group>"; };
		585C3B071F9F32D500FB3502 /* Info.plist */ = {isa = PBXFileReference; lastKnownFileType = text.plist.xml; path = Info.plist; sourceTree = "<group>"; };
		585C3B081F9F32D500FB3502 /* main.m */ = {isa = PBXFileReference; lastKnownFileType = sourcecode.c.objc; path = main.m; sourceTree = "<group>"; };
		585C3B171F9F389C00FB3502 /* ByteStreams.java */ = {isa = PBXFileReference; fileEncoding = 4; lastKnownFileType = sourcecode.java; name = ByteStreams.java; path = JavaToObjc/java/ByteStreams.java; sourceTree = SOURCE_ROOT; };
		585C3B1B1F9F450000FB3502 /* libiconv.2.4.0.tbd */ = {isa = PBXFileReference; lastKnownFileType = "sourcecode.text-based-dylib-definition"; name = libiconv.2.4.0.tbd; path = usr/lib/libiconv.2.4.0.tbd; sourceTree = SDKROOT; };
		585C3B1C1F9F452100FB3502 /* libiconv.tbd */ = {isa = PBXFileReference; lastKnownFileType = "sourcecode.text-based-dylib-definition"; name = libiconv.tbd; path = usr/lib/libiconv.tbd; sourceTree = SDKROOT; };
		585C3B1D1F9F453C00FB3502 /* AVKit.framework */ = {isa = PBXFileReference; lastKnownFileType = wrapper.framework; name = AVKit.framework; path = System/Library/Frameworks/AVKit.framework; sourceTree = SDKROOT; };
		585C3B1E1F9F454200FB3502 /* AdSupport.framework */ = {isa = PBXFileReference; lastKnownFileType = wrapper.framework; name = AdSupport.framework; path = System/Library/Frameworks/AdSupport.framework; sourceTree = SDKROOT; };
		585C3B1F1F9F454700FB3502 /* AddressBook.framework */ = {isa = PBXFileReference; lastKnownFileType = wrapper.framework; name = AddressBook.framework; path = System/Library/Frameworks/AddressBook.framework; sourceTree = SDKROOT; };
		585C3B201F9F45AE00FB3502 /* AudioToolbox.framework */ = {isa = PBXFileReference; lastKnownFileType = wrapper.framework; name = AudioToolbox.framework; path = System/Library/Frameworks/AudioToolbox.framework; sourceTree = SDKROOT; };
		585C3B211F9F47B800FB3502 /* Numeric.java */ = {isa = PBXFileReference; fileEncoding = 4; lastKnownFileType = sourcecode.java; path = Numeric.java; sourceTree = "<group>"; };
/* End PBXFileReference section */

/* Begin PBXFrameworksBuildPhase section */
		585C3AF31F9F32D400FB3502 /* Frameworks */ = {
			isa = PBXFrameworksBuildPhase;
			buildActionMask = 2147483647;
			files = (
			);
			runOnlyForDeploymentPostprocessing = 0;
		};
/* End PBXFrameworksBuildPhase section */

/* Begin PBXGroup section */
		585C3AED1F9F32D300FB3502 = {
			isa = PBXGroup;
			children = (
				585C3AF81F9F32D400FB3502 /* JavaToObjc */,
				585C3AF71F9F32D400FB3502 /* Products */,
				585C3B1A1F9F450000FB3502 /* Frameworks */,
			);
			sourceTree = "<group>";
		};
		585C3AF71F9F32D400FB3502 /* Products */ = {
			isa = PBXGroup;
			children = (
				585C3AF61F9F32D400FB3502 /* JavaToObjc.app */,
			);
			name = Products;
			sourceTree = "<group>";
		};
		585C3AF81F9F32D400FB3502 /* JavaToObjc */ = {
			isa = PBXGroup;
			children = (
				585C3B191F9F3EF000FB3502 /* java */,
				585C3AF91F9F32D400FB3502 /* AppDelegate.h */,
				585C3AFA1F9F32D400FB3502 /* AppDelegate.m */,
				585C3AFC1F9F32D400FB3502 /* ViewController.h */,
				585C3AFD1F9F32D400FB3502 /* ViewController.m */,
				585C3AFF1F9F32D500FB3502 /* Main.storyboard */,
				585C3B021F9F32D500FB3502 /* Assets.xcassets */,
				585C3B041F9F32D500FB3502 /* LaunchScreen.storyboard */,
				585C3B071F9F32D500FB3502 /* Info.plist */,
				585C3B081F9F32D500FB3502 /* main.m */,
			);
			path = JavaToObjc;
			sourceTree = "<group>";
		};
		585C3B191F9F3EF000FB3502 /* java */ = {
			isa = PBXGroup;
			children = (
				585C3B211F9F47B800FB3502 /* Numeric.java */,
				585C3B171F9F389C00FB3502 /* ByteStreams.java */,
			);
			path = java;
			sourceTree = "<group>";
		};
		585C3B1A1F9F450000FB3502 /* Frameworks */ = {
			isa = PBXGroup;
			children = (
				585C3B201F9F45AE00FB3502 /* AudioToolbox.framework */,
				585C3B1F1F9F454700FB3502 /* AddressBook.framework */,
				585C3B1E1F9F454200FB3502 /* AdSupport.framework */,
				585C3B1D1F9F453C00FB3502 /* AVKit.framework */,
				585C3B1C1F9F452100FB3502 /* libiconv.tbd */,
				585C3B1B1F9F450000FB3502 /* libiconv.2.4.0.tbd */,
			);
			name = Frameworks;
			sourceTree = "<group>";
		};
/* End PBXGroup section */

/* Begin PBXNativeTarget section */
		585C3AF51F9F32D400FB3502 /* JavaToObjc */ = {
			isa = PBXNativeTarget;
			buildConfigurationList = 585C3B0C1F9F32D500FB3502 /* Build configuration list for PBXNativeTarget "JavaToObjc" */;
			buildPhases = (
				585C3AF21F9F32D400FB3502 /* Sources */,
				585C3AF31F9F32D400FB3502 /* Frameworks */,
				585C3AF41F9F32D400FB3502 /* Resources */,
			);
			buildRules = (
				585C3B0F1F9F340F00FB3502 /* PBXBuildRule */,
			);
			dependencies = (
			);
			name = JavaToObjc;
			productName = JavaToObjc;
			productReference = 585C3AF61F9F32D400FB3502 /* JavaToObjc.app */;
			productType = "com.apple.product-type.application";
		};
/* End PBXNativeTarget section */

/* Begin PBXProject section */
		585C3AEE1F9F32D300FB3502 /* Project object */ = {
			isa = PBXProject;
			attributes = {
				LastUpgradeCheck = 0910;
				ORGANIZATIONNAME = "Zhou Kang";
				TargetAttributes = {
					585C3AF51F9F32D400FB3502 = {
						CreatedOnToolsVersion = 9.1;
						ProvisioningStyle = Automatic;
					};
				};
			};
			buildConfigurationList = 585C3AF11F9F32D300FB3502 /* Build configuration list for PBXProject "JavaToObjc" */;
			compatibilityVersion = "Xcode 8.0";
			developmentRegion = en;
			hasScannedForEncodings = 0;
			knownRegions = (
				en,
				Base,
			);
			mainGroup = 585C3AED1F9F32D300FB3502;
			productRefGroup = 585C3AF71F9F32D400FB3502 /* Products */;
			projectDirPath = "";
			projectRoot = "";
			targets = (
				585C3AF51F9F32D400FB3502 /* JavaToObjc */,
			);
		};
/* End PBXProject section */

/* Begin PBXResourcesBuildPhase section */
		585C3AF41F9F32D400FB3502 /* Resources */ = {
			isa = PBXResourcesBuildPhase;
			buildActionMask = 2147483647;
			files = (
				585C3B061F9F32D500FB3502 /* LaunchScreen.storyboard in Resources */,
				585C3B031F9F32D500FB3502 /* Assets.xcassets in Resources */,
				585C3B011F9F32D500FB3502 /* Main.storyboard in Resources */,
			);
			runOnlyForDeploymentPostprocessing = 0;
		};
/* End PBXResourcesBuildPhase section */

/* Begin PBXSourcesBuildPhase section */
		585C3AF21F9F32D400FB3502 /* Sources */ = {
			isa = PBXSourcesBuildPhase;
			buildActionMask = 2147483647;
			files = (
				585C3AFE1F9F32D400FB3502 /* ViewController.m in Sources */,
				585C3B181F9F389C00FB3502 /* ByteStreams.java in Sources */,
				585C3B091F9F32D500FB3502 /* main.m in Sources */,
				585C3B221F9F47B800FB3502 /* Numeric.java in Sources */,
				585C3AFB1F9F32D400FB3502 /* AppDelegate.m in Sources */,
			);
			runOnlyForDeploymentPostprocessing = 0;
		};
/* End PBXSourcesBuildPhase section */

/* Begin PBXVariantGroup section */
		585C3AFF1F9F32D500FB3502 /* Main.storyboard */ = {
			isa = PBXVariantGroup;
			children = (
				585C3B001F9F32D500FB3502 /* Base */,
			);
			name = Main.storyboard;
			sourceTree = "<group>";
		};
		585C3B041F9F32D500FB3502 /* LaunchScreen.storyboard */ = {
			isa = PBXVariantGroup;
			children = (
				585C3B051F9F32D500FB3502 /* Base */,
			);
			name = LaunchScreen.storyboard;
			sourceTree = "<group>";
		};
/* End PBXVariantGroup section */

/* Begin XCBuildConfiguration section */
		585C3B0A1F9F32D500FB3502 /* Debug */ = {
			isa = XCBuildConfiguration;
			buildSettings = {
				ALWAYS_SEARCH_USER_PATHS = NO;
				CLANG_ANALYZER_NONNULL = YES;
				CLANG_ANALYZER_NUMBER_OBJECT_CONVERSION = YES_AGGRESSIVE;
				CLANG_CXX_LANGUAGE_STANDARD = "gnu++14";
				CLANG_CXX_LIBRARY = "libc++";
				CLANG_ENABLE_MODULES = YES;
				CLANG_ENABLE_OBJC_ARC = YES;
				CLANG_WARN_BLOCK_CAPTURE_AUTORELEASING = YES;
				CLANG_WARN_BOOL_CONVERSION = YES;
				CLANG_WARN_COMMA = YES;
				CLANG_WARN_CONSTANT_CONVERSION = YES;
				CLANG_WARN_DIRECT_OBJC_ISA_USAGE = YES_ERROR;
				CLANG_WARN_DOCUMENTATION_COMMENTS = YES;
				CLANG_WARN_EMPTY_BODY = YES;
				CLANG_WARN_ENUM_CONVERSION = YES;
				CLANG_WARN_INFINITE_RECURSION = YES;
				CLANG_WARN_INT_CONVERSION = YES;
				CLANG_WARN_NON_LITERAL_NULL_CONVERSION = YES;
				CLANG_WARN_OBJC_LITERAL_CONVERSION = YES;
				CLANG_WARN_OBJC_ROOT_CLASS = YES_ERROR;
				CLANG_WARN_RANGE_LOOP_ANALYSIS = YES;
				CLANG_WARN_STRICT_PROTOTYPES = YES;
				CLANG_WARN_SUSPICIOUS_MOVE = YES;
				CLANG_WARN_UNGUARDED_AVAILABILITY = YES_AGGRESSIVE;
				CLANG_WARN_UNREACHABLE_CODE = YES;
				CLANG_WARN__DUPLICATE_METHOD_MATCH = YES;
				CODE_SIGN_IDENTITY = "iPhone Developer";
				COPY_PHASE_STRIP = NO;
				DEBUG_INFORMATION_FORMAT = dwarf;
				ENABLE_STRICT_OBJC_MSGSEND = YES;
				ENABLE_TESTABILITY = YES;
				GCC_C_LANGUAGE_STANDARD = gnu11;
				GCC_DYNAMIC_NO_PIC = NO;
				GCC_NO_COMMON_BLOCKS = YES;
				GCC_OPTIMIZATION_LEVEL = 0;
				GCC_PREPROCESSOR_DEFINITIONS = (
					"DEBUG=1",
					"$(inherited)",
				);
				GCC_WARN_64_TO_32_BIT_CONVERSION = YES;
				GCC_WARN_ABOUT_RETURN_TYPE = YES_ERROR;
				GCC_WARN_UNDECLARED_SELECTOR = YES;
				GCC_WARN_UNINITIALIZED_AUTOS = YES_AGGRESSIVE;
				GCC_WARN_UNUSED_FUNCTION = YES;
				GCC_WARN_UNUSED_VARIABLE = YES;
				IPHONEOS_DEPLOYMENT_TARGET = 11.1;
				MTL_ENABLE_DEBUG_INFO = YES;
				ONLY_ACTIVE_ARCH = YES;
				SDKROOT = iphoneos;
			};
			name = Debug;
		};
		585C3B0B1F9F32D500FB3502 /* Release */ = {
			isa = XCBuildConfiguration;
			buildSettings = {
				ALWAYS_SEARCH_USER_PATHS = NO;
				CLANG_ANALYZER_NONNULL = YES;
				CLANG_ANALYZER_NUMBER_OBJECT_CONVERSION = YES_AGGRESSIVE;
				CLANG_CXX_LANGUAGE_STANDARD = "gnu++14";
				CLANG_CXX_LIBRARY = "libc++";
				CLANG_ENABLE_MODULES = YES;
				CLANG_ENABLE_OBJC_ARC = YES;
				CLANG_WARN_BLOCK_CAPTURE_AUTORELEASING = YES;
				CLANG_WARN_BOOL_CONVERSION = YES;
				CLANG_WARN_COMMA = YES;
				CLANG_WARN_CONSTANT_CONVERSION = YES;
				CLANG_WARN_DIRECT_OBJC_ISA_USAGE = YES_ERROR;
				CLANG_WARN_DOCUMENTATION_COMMENTS = YES;
				CLANG_WARN_EMPTY_BODY = YES;
				CLANG_WARN_ENUM_CONVERSION = YES;
				CLANG_WARN_INFINITE_RECURSION = YES;
				CLANG_WARN_INT_CONVERSION = YES;
				CLANG_WARN_NON_LITERAL_NULL_CONVERSION = YES;
				CLANG_WARN_OBJC_LITERAL_CONVERSION = YES;
				CLANG_WARN_OBJC_ROOT_CLASS = YES_ERROR;
				CLANG_WARN_RANGE_LOOP_ANALYSIS = YES;
				CLANG_WARN_STRICT_PROTOTYPES = YES;
				CLANG_WARN_SUSPICIOUS_MOVE = YES;
				CLANG_WARN_UNGUARDED_AVAILABILITY = YES_AGGRESSIVE;
				CLANG_WARN_UNREACHABLE_CODE = YES;
				CLANG_WARN__DUPLICATE_METHOD_MATCH = YES;
				CODE_SIGN_IDENTITY = "iPhone Developer";
				COPY_PHASE_STRIP = NO;
				DEBUG_INFORMATION_FORMAT = "dwarf-with-dsym";
				ENABLE_NS_ASSERTIONS = NO;
				ENABLE_STRICT_OBJC_MSGSEND = YES;
				GCC_C_LANGUAGE_STANDARD = gnu11;
				GCC_NO_COMMON_BLOCKS = YES;
				GCC_WARN_64_TO_32_BIT_CONVERSION = YES;
				GCC_WARN_ABOUT_RETURN_TYPE = YES_ERROR;
				GCC_WARN_UNDECLARED_SELECTOR = YES;
				GCC_WARN_UNINITIALIZED_AUTOS = YES_AGGRESSIVE;
				GCC_WARN_UNUSED_FUNCTION = YES;
				GCC_WARN_UNUSED_VARIABLE = YES;
				IPHONEOS_DEPLOYMENT_TARGET = 11.1;
				MTL_ENABLE_DEBUG_INFO = NO;
				SDKROOT = iphoneos;
				VALIDATE_PRODUCT = YES;
			};
			name = Release;
		};
		585C3B0D1F9F32D500FB3502 /* Debug */ = {
			isa = XCBuildConfiguration;
			buildSettings = {
				ASSETCATALOG_COMPILER_APPICON_NAME = AppIcon;
				CODE_SIGN_STYLE = Automatic;
				DEVELOPMENT_TEAM = TE2958KSXV;
				HEADER_SEARCH_PATHS = "/Users/hoolai/Desktop/j2objc-2.0.5/include";
				INFOPLIST_FILE = JavaToObjc/Info.plist;
				IPHONEOS_DEPLOYMENT_TARGET = 9.0;
				LD_RUNPATH_SEARCH_PATHS = "$(inherited) @executable_path/Frameworks";
				LIBRARY_SEARCH_PATHS = "/Users/hoolai/Desktop/j2objc-2.0.5/lib";
				ONLY_ACTIVE_ARCH = NO;
				OTHER_LDFLAGS = (
					"-ljre_emul",
					"-liconv",
				);
				PRODUCT_BUNDLE_IDENTIFIER = com.zk.JavaToObjc;
				PRODUCT_NAME = "$(TARGET_NAME)";
				TARGETED_DEVICE_FAMILY = "1,2";
				USER_HEADER_SEARCH_PATHS = "/Users/hoolai/Desktop/j2objc-2.0.5/include ${DERIVED_FILE_DIR}";
			};
			name = Debug;
		};
		585C3B0E1F9F32D500FB3502 /* Release */ = {
			isa = XCBuildConfiguration;
			buildSettings = {
				ASSETCATALOG_COMPILER_APPICON_NAME = AppIcon;
				CODE_SIGN_STYLE = Automatic;
				DEVELOPMENT_TEAM = TE2958KSXV;
				HEADER_SEARCH_PATHS = "/Users/hoolai/Desktop/j2objc-2.0.5/include";
				INFOPLIST_FILE = JavaToObjc/Info.plist;
				IPHONEOS_DEPLOYMENT_TARGET = 9.0;
				LD_RUNPATH_SEARCH_PATHS = "$(inherited) @executable_path/Frameworks";
				LIBRARY_SEARCH_PATHS = "/Users/hoolai/Desktop/j2objc-2.0.5/lib";
				ONLY_ACTIVE_ARCH = NO;
				OTHER_LDFLAGS = (
					"-ljre_emul",
					"-liconv",
				);
				PRODUCT_BUNDLE_IDENTIFIER = com.zk.JavaToObjc;
				PRODUCT_NAME = "$(TARGET_NAME)";
				TARGETED_DEVICE_FAMILY = "1,2";
				USER_HEADER_SEARCH_PATHS = "/Users/hoolai/Desktop/j2objc-2.0.5/include ${DERIVED_FILE_DIR}";
			};
			name = Release;
		};
/* End XCBuildConfiguration section */

/* Begin XCConfigurationList section */
		585C3AF11F9F32D300FB3502 /* Build configuration list for PBXProject "JavaToObjc" */ = {
			isa = XCConfigurationList;
			buildConfigurations = (
				585C3B0A1F9F32D500FB3502 /* Debug */,
				585C3B0B1F9F32D500FB3502 /* Release */,
			);
			defaultConfigurationIsVisible = 0;
			defaultConfigurationName = Release;
		};
		585C3B0C1F9F32D500FB3502 /* Build configuration list for PBXNativeTarget "JavaToObjc" */ = {
			isa = XCConfigurationList;
			buildConfigurations = (
				585C3B0D1F9F32D500FB3502 /* Debug */,
				585C3B0E1F9F32D500FB3502 /* Release */,
			);
			defaultConfigurationIsVisible = 0;
			defaultConfigurationName = Release;
		};
/* End XCConfigurationList section */
	};
	rootObject = 585C3AEE1F9F32D300FB3502 /* Project object */;
}
